
Microsoft Visual Studio Solution File, Format Version 12.00
# Visual Studio 15
VisualStudioVersion = 15.0.28010.2050
MinimumVisualStudioVersion = 10.0.40219.1
Project("{FAE04EC0-301F-11D3-BF4B-00C04F79EFBC}") = "AdvanceWebJaneTicar.Web", "AdvanceWebJaneTicar.Web\AdvanceWebJaneTicar.Web.csproj", "{97A6EC1E-935C-459A-9512-31A10256E50C}"
EndProject
Global
	GlobalSection(SolutionConfigurationPlatforms) = preSolution
		Debug|Any CPU = Debug|Any CPU
		Release|Any CPU = Release|Any CPU
	EndGlobalSection
	GlobalSection(ProjectConfigurationPlatforms) = postSolution
		{97A6EC1E-935C-459A-9512-31A10256E50C}.Debug|Any CPU.ActiveCfg = Debug|Any CPU
		{97A6EC1E-935C-459A-9512-31A10256E50C}.Debug|Any CPU.Build.0 = Debug|Any CPU
		{97A6EC1E-935C-459A-9512-31A10256E50C}.Release|Any CPU.ActiveCfg = Release|Any CPU
		{97A6EC1E-935C-459A-9512-31A10256E50C}.Release|Any CPU.Build.0 = Release|Any CPU
	EndGlobalSection
	GlobalSection(SolutionProperties) = preSolution
		HideSolutionNode = FALSE
	EndGlobalSection
	GlobalSection(ExtensibilityGlobals) = postSolution
		SolutionGuid = {CBFD9BE7-178D-430C-9083-90ECCF7F3CE9}
	EndGlobalSection
EndGlobal
